# Generated by buf. DO NOT EDIT.
version: v1
deps:
  - remote: buf.build
    owner: googleapis
    repository: googleapis
    commit: 7a6bc1e3207144b38e9066861e1de0ff
    digest: shake256:d646836485c34192401253703c4e7ce899c826fceec060bf4b2a62c4749bd9976dc960833e134a1f814725e1ffd60b1bb3cf0335a7e99ef0e8cec34b070ffb66
